
Microsoft Visual Studio Solution File, Format Version 12.00
# Visual Studio Version 17
VisualStudioVersion = 17.8.34330.188
MinimumVisualStudioVersion = 10.0.40219.1
Project("{9A19103F-16F7-4668-BE54-9A1E7A4F7556}") = "SOC_Project", "SOC_Project\SOC_Project.csproj", "{2D813BBF-E8E6-4E26-8760-1A9CC67B5270}"
EndProject
Project("{FAE04EC0-301F-11D3-BF4B-00C04F79EFBC}") = "SLRD_ClientApp", "SLRD_ClientApp\SLRD_ClientApp.csproj", "{1564408A-3801-485B-A232-1B3F6F43DE09}"
EndProject
Global
	GlobalSection(SolutionConfigurationPlatforms) = preSolution
		Debug|Any CPU = Debug|Any CPU
		Release|Any CPU = Release|Any CPU
	EndGlobalSection
	GlobalSection(ProjectConfigurationPlatforms) = postSolution
		{2D813BBF-E8E6-4E26-8760-1A9CC67B5270}.Debug|Any CPU.ActiveCfg = Debug|Any CPU
		{2D813BBF-E8E6-4E26-8760-1A9CC67B5270}.Debug|Any CPU.Build.0 = Debug|Any CPU
		{2D813BBF-E8E6-4E26-8760-1A9CC67B5270}.Release|Any CPU.ActiveCfg = Release|Any CPU
		{2D813BBF-E8E6-4E26-8760-1A9CC67B5270}.Release|Any CPU.Build.0 = Release|Any CPU
		{1564408A-3801-485B-A232-1B3F6F43DE09}.Debug|Any CPU.ActiveCfg = Debug|Any CPU
		{1564408A-3801-485B-A232-1B3F6F43DE09}.Debug|Any CPU.Build.0 = Debug|Any CPU
		{1564408A-3801-485B-A232-1B3F6F43DE09}.Release|Any CPU.ActiveCfg = Release|Any CPU
		{1564408A-3801-485B-A232-1B3F6F43DE09}.Release|Any CPU.Build.0 = Release|Any CPU
	EndGlobalSection
	GlobalSection(SolutionProperties) = preSolution
		HideSolutionNode = FALSE
	EndGlobalSection
	GlobalSection(ExtensibilityGlobals) = postSolution
		SolutionGuid = {D45D7E15-561B-40CC-A44C-0C7E11B600A0}
	EndGlobalSection
EndGlobal
